
Microsoft Visual Studio Solution File, Format Version 12.00
# Visual Studio 2013
VisualStudioVersion = 12.0.21005.1
MinimumVisualStudioVersion = 10.0.40219.1
Project("{8BC9CEB8-8B4A-11D0-8D11-00A0C91BC942}") = "libfixkalman", "libfixkalman.vcxproj", "{35E8E17B-709F-4780-A024-4B8BD04B80DD}"
EndProject
Global
	GlobalSection(SolutionConfigurationPlatforms) = preSolution
		Debug|Win32 = Debug|Win32
		Release|Win32 = Release|Win32
	EndGlobalSection
	GlobalSection(ProjectConfigurationPlatforms) = postSolution
		{35E8E17B-709F-4780-A024-4B8BD04B80DD}.Debug|Win32.ActiveCfg = Debug|Win32
		{35E8E17B-709F-4780-A024-4B8BD04B80DD}.Debug|Win32.Build.0 = Debug|Win32
		{35E8E17B-709F-4780-A024-4B8BD04B80DD}.Release|Win32.ActiveCfg = Release|Win32
		{35E8E17B-709F-4780-A024-4B8BD04B80DD}.Release|Win32.Build.0 = Release|Win32
	EndGlobalSection
	GlobalSection(SolutionProperties) = preSolution
		HideSolutionNode = FALSE
	EndGlobalSection
EndGlobal
